
Microsoft Visual Studio Solution File, Format Version 12.00
# Visual Studio 15
VisualStudioVersion = 15.0.27703.2035
MinimumVisualStudioVersion = 10.0.40219.1
Project("{FAE04EC0-301F-11D3-BF4B-00C04F79EFBC}") = "CoffeeMachineProgram", "CoffeeMachineProgram\CoffeeMachineProgram.csproj", "{7985DF0D-06AD-4021-ADDA-0244FD2CC7AB}"
EndProject
Global
	GlobalSection(SolutionConfigurationPlatforms) = preSolution
		Debug|Any CPU = Debug|Any CPU
		Release|Any CPU = Release|Any CPU
	EndGlobalSection
	GlobalSection(ProjectConfigurationPlatforms) = postSolution
		{7985DF0D-06AD-4021-ADDA-0244FD2CC7AB}.Debug|Any CPU.ActiveCfg = Debug|Any CPU
		{7985DF0D-06AD-4021-ADDA-0244FD2CC7AB}.Debug|Any CPU.Build.0 = Debug|Any CPU
		{7985DF0D-06AD-4021-ADDA-0244FD2CC7AB}.Release|Any CPU.ActiveCfg = Release|Any CPU
		{7985DF0D-06AD-4021-ADDA-0244FD2CC7AB}.Release|Any CPU.Build.0 = Release|Any CPU
	EndGlobalSection
	GlobalSection(SolutionProperties) = preSolution
		HideSolutionNode = FALSE
	EndGlobalSection
	GlobalSection(ExtensibilityGlobals) = postSolution
		SolutionGuid = {42F5A82E-7122-406A-9729-EDCB35F30EB8}
	EndGlobalSection
EndGlobal
